{
  "version": 4,
  "terraform_version": "1.9.8",
  "serial": 21,
  "lineage": "4b70d8ac-151f-b901-02c7-a4962fef71f0",
  "outputs": {
    "acr_admin_username": {
      "value": "",
      "type": "string"
    },
    "acr_login_server": {
      "value": "acrchainlitapp.azurecr.io",
      "type": "string"
    },
    "app_url": {
      "value": "https://app-chainlit.azurewebsites.net",
      "type": "string"
    },
    "resource_group_name": {
      "value": "rg-chainlit-app",
      "type": "string"
    }
  },
  "resources": [
    {
      "mode": "managed",
      "type": "azurerm_container_registry",
      "name": "this",
      "provider": "provider[\"registry.terraform.io/hashicorp/azurerm\"]",
      "instances": [
        {
          "schema_version": 2,
          "attributes": {
            "admin_enabled": false,
            "admin_password": "",
            "admin_username": "",
            "anonymous_pull_enabled": false,
            "data_endpoint_enabled": false,
            "encryption": [],
            "export_policy_enabled": true,
            "georeplications": [],
            "id": "/subscriptions/9cbf26f2-d31d-48ee-81c8-ce06e032bb38/resourceGroups/rg-chainlit-app/providers/Microsoft.ContainerRegistry/registries/acrchainlitapp",
            "identity": [],
            "location": "japaneast",
            "login_server": "acrchainlitapp.azurecr.io",
            "name": "acrchainlitapp",
            "network_rule_bypass_option": "AzureServices",
            "network_rule_set": [],
            "public_network_access_enabled": true,
            "quarantine_policy_enabled": false,
            "resource_group_name": "rg-chainlit-app",
            "retention_policy_in_days": 0,
            "sku": "Basic",
            "tags": null,
            "timeouts": null,
            "trust_policy_enabled": false,
            "zone_redundancy_enabled": false
          },
          "sensitive_attributes": [
            [
              {
                "type": "get_attr",
                "value": "admin_password"
              }
            ]
          ],
          "private": "eyJlMmJmYjczMC1lY2FhLTExZTYtOGY4OC0zNDM2M2JjN2M0YzAiOnsiY3JlYXRlIjoxODAwMDAwMDAwMDAwLCJkZWxldGUiOjE4MDAwMDAwMDAwMDAsInJlYWQiOjMwMDAwMDAwMDAwMCwidXBkYXRlIjoxODAwMDAwMDAwMDAwfSwic2NoZW1hX3ZlcnNpb24iOiIyIn0=",
          "dependencies": [
            "azurerm_resource_group.this"
          ]
        }
      ]
    },
    {
      "mode": "managed",
      "type": "azurerm_linux_web_app",
      "name": "this",
      "provider": "provider[\"registry.terraform.io/hashicorp/azurerm\"]",
      "instances": [
        {
          "schema_version": 1,
          "attributes": {
            "app_settings": null,
            "auth_settings": [],
            "auth_settings_v2": [],
            "backup": [],
            "client_affinity_enabled": false,
            "client_certificate_enabled": false,
            "client_certificate_exclusion_paths": "",
            "client_certificate_mode": "Required",
            "connection_string": [],
            "custom_domain_verification_id": "5B8C79AC9651DF0B607702BC8F9CF3FFF598F55EB34FFAED1118B344DF2BC865",
            "default_hostname": "app-chainlit.azurewebsites.net",
            "enabled": true,
            "ftp_publish_basic_authentication_enabled": true,
            "hosting_environment_id": "",
            "https_only": false,
            "id": "/subscriptions/9cbf26f2-d31d-48ee-81c8-ce06e032bb38/resourceGroups/rg-chainlit-app/providers/Microsoft.Web/sites/app-chainlit",
            "identity": [
              {
                "identity_ids": null,
                "principal_id": "b1611f03-ee32-4feb-94ad-1f7ffcc8e86e",
                "tenant_id": "3dc5f541-8c46-4224-98d9-184b1dc952e5",
                "type": "SystemAssigned"
              }
            ],
            "key_vault_reference_identity_id": "SystemAssigned",
            "kind": "app,linux,container",
            "location": "japaneast",
            "logs": [],
            "name": "app-chainlit",
            "outbound_ip_address_list": [
              "20.194.184.253",
              "20.194.185.57",
              "20.46.191.107",
              "20.48.66.240",
              "20.194.185.101",
              "20.194.185.112",
              "20.43.67.33"
            ],
            "outbound_ip_addresses": "20.194.184.253,20.194.185.57,20.46.191.107,20.48.66.240,20.194.185.101,20.194.185.112,20.43.67.33",
            "possible_outbound_ip_address_list": [
              "20.194.184.253",
              "20.194.185.57",
              "20.46.191.107",
              "20.48.66.240",
              "20.194.185.101",
              "20.194.185.112",
              "20.194.185.154",
              "20.194.186.45",
              "20.194.186.203",
              "20.194.187.131",
              "20.194.187.183",
              "20.194.188.122",
              "20.194.184.166",
              "20.194.184.250",
              "20.194.188.170",
              "20.194.188.179",
              "20.194.188.193",
              "20.194.188.234",
              "20.43.94.144",
              "20.43.94.207",
              "20.194.176.113",
              "20.63.169.118",
              "20.63.170.101",
              "20.63.170.138",
              "20.43.67.33"
            ],
            "possible_outbound_ip_addresses": "20.194.184.253,20.194.185.57,20.46.191.107,20.48.66.240,20.194.185.101,20.194.185.112,20.194.185.154,20.194.186.45,20.194.186.203,20.194.187.131,20.194.187.183,20.194.188.122,20.194.184.166,20.194.184.250,20.194.188.170,20.194.188.179,20.194.188.193,20.194.188.234,20.43.94.144,20.43.94.207,20.194.176.113,20.63.169.118,20.63.170.101,20.63.170.138,20.43.67.33",
            "public_network_access_enabled": true,
            "resource_group_name": "rg-chainlit-app",
            "service_plan_id": "/subscriptions/9cbf26f2-d31d-48ee-81c8-ce06e032bb38/resourceGroups/rg-chainlit-app/providers/Microsoft.Web/serverFarms/asp-chainlit",
            "site_config": [
              {
                "always_on": true,
                "api_definition_url": "",
                "api_management_api_id": "",
                "app_command_line": "",
                "application_stack": [
                  {
                    "docker_image_name": "acrchainlitapp.azurecr.io/chainlit-app:latest",
                    "docker_registry_password": "",
                    "docker_registry_url": "",
                    "docker_registry_username": "",
                    "dotnet_version": "",
                    "go_version": "",
                    "java_server": "",
                    "java_server_version": "",
                    "java_version": "",
                    "node_version": "",
                    "php_version": "",
                    "python_version": "",
                    "ruby_version": ""
                  }
                ],
                "auto_heal_setting": [],
                "container_registry_managed_identity_client_id": "",
                "container_registry_use_managed_identity": true,
                "cors": [],
                "default_documents": [
                  "Default.htm",
                  "Default.html",
                  "Default.asp",
                  "index.htm",
                  "index.html",
                  "iisstart.htm",
                  "default.aspx",
                  "index.php",
                  "hostingstart.html"
                ],
                "detailed_error_logging_enabled": false,
                "ftps_state": "Disabled",
                "health_check_eviction_time_in_min": 0,
                "health_check_path": "",
                "http2_enabled": false,
                "ip_restriction": [],
                "ip_restriction_default_action": "Allow",
                "linux_fx_version": "DOCKER|/acrchainlitapp.azurecr.io/chainlit-app:latest",
                "load_balancing_mode": "LeastRequests",
                "local_mysql_enabled": false,
                "managed_pipeline_mode": "Integrated",
                "minimum_tls_version": "1.2",
                "remote_debugging_enabled": false,
                "remote_debugging_version": "VS2022",
                "scm_ip_restriction": [],
                "scm_ip_restriction_default_action": "Allow",
                "scm_minimum_tls_version": "1.2",
                "scm_type": "None",
                "scm_use_main_ip_restriction": false,
                "use_32_bit_worker": true,
                "vnet_route_all_enabled": false,
                "websockets_enabled": false,
                "worker_count": 1
              }
            ],
            "site_credential": [
              {
                "name": "$app-chainlit",
                "password": "FCFGNcixPlWmlWt59thwd92P1A1ujxNLnMH07dJSe7BBetr6JSfesW8BRS7j"
              }
            ],
            "sticky_settings": [],
            "storage_account": [],
            "tags": null,
            "timeouts": null,
            "virtual_network_subnet_id": "",
            "webdeploy_publish_basic_authentication_enabled": true,
            "zip_deploy_file": ""
          },
          "sensitive_attributes": [
            [
              {
                "type": "get_attr",
                "value": "site_config"
              },
              {
                "type": "index",
                "value": {
                  "value": 0,
                  "type": "number"
                }
              },
              {
                "type": "get_attr",
                "value": "application_stack"
              },
              {
                "type": "index",
                "value": {
                  "value": 0,
                  "type": "number"
                }
              },
              {
                "type": "get_attr",
                "value": "docker_registry_password"
              }
            ],
            [
              {
                "type": "get_attr",
                "value": "custom_domain_verification_id"
              }
            ],
            [
              {
                "type": "get_attr",
                "value": "site_credential"
              }
            ]
          ],
          "private": "eyJlMmJmYjczMC1lY2FhLTExZTYtOGY4OC0zNDM2M2JjN2M0YzAiOnsiY3JlYXRlIjoxODAwMDAwMDAwMDAwLCJkZWxldGUiOjE4MDAwMDAwMDAwMDAsInJlYWQiOjMwMDAwMDAwMDAwMCwidXBkYXRlIjoxODAwMDAwMDAwMDAwfSwic2NoZW1hX3ZlcnNpb24iOiIxIn0=",
          "dependencies": [
            "azurerm_container_registry.this",
            "azurerm_resource_group.this",
            "azurerm_service_plan.this"
          ]
        }
      ]
    },
    {
      "mode": "managed",
      "type": "azurerm_resource_group",
      "name": "this",
      "provider": "provider[\"registry.terraform.io/hashicorp/azurerm\"]",
      "instances": [
        {
          "schema_version": 0,
          "attributes": {
            "id": "/subscriptions/9cbf26f2-d31d-48ee-81c8-ce06e032bb38/resourceGroups/rg-chainlit-app",
            "location": "japaneast",
            "managed_by": "",
            "name": "rg-chainlit-app",
            "tags": null,
            "timeouts": null
          },
          "sensitive_attributes": [],
          "private": "eyJlMmJmYjczMC1lY2FhLTExZTYtOGY4OC0zNDM2M2JjN2M0YzAiOnsiY3JlYXRlIjo1NDAwMDAwMDAwMDAwLCJkZWxldGUiOjU0MDAwMDAwMDAwMDAsInJlYWQiOjMwMDAwMDAwMDAwMCwidXBkYXRlIjo1NDAwMDAwMDAwMDAwfX0="
        }
      ]
    },
    {
      "mode": "managed",
      "type": "azurerm_service_plan",
      "name": "this",
      "provider": "provider[\"registry.terraform.io/hashicorp/azurerm\"]",
      "instances": [
        {
          "schema_version": 1,
          "attributes": {
            "app_service_environment_id": "",
            "id": "/subscriptions/9cbf26f2-d31d-48ee-81c8-ce06e032bb38/resourceGroups/rg-chainlit-app/providers/Microsoft.Web/serverFarms/asp-chainlit",
            "kind": "linux",
            "location": "japaneast",
            "maximum_elastic_worker_count": 1,
            "name": "asp-chainlit",
            "os_type": "Linux",
            "per_site_scaling_enabled": false,
            "premium_plan_auto_scale_enabled": false,
            "reserved": true,
            "resource_group_name": "rg-chainlit-app",
            "sku_name": "B1",
            "tags": null,
            "timeouts": null,
            "worker_count": 1,
            "zone_balancing_enabled": false
          },
          "sensitive_attributes": [],
          "private": "eyJlMmJmYjczMC1lY2FhLTExZTYtOGY4OC0zNDM2M2JjN2M0YzAiOnsiY3JlYXRlIjozNjAwMDAwMDAwMDAwLCJkZWxldGUiOjM2MDAwMDAwMDAwMDAsInJlYWQiOjMwMDAwMDAwMDAwMCwidXBkYXRlIjozNjAwMDAwMDAwMDAwfSwic2NoZW1hX3ZlcnNpb24iOiIxIn0=",
          "dependencies": [
            "azurerm_resource_group.this"
          ]
        }
      ]
    }
  ],
  "check_results": null
}
